// !$*UTF8*$!
{
	archiveVersion = 1;
	classes = {
	};
	objectVersion = 50;
	objects = {

/* Begin PBXBuildFile section */
		76C425153C28326313EC431C /* Pods_SourceListSidebarExampleUITests.framework in Frameworks */ = {isa = PBXBuildFile; fileRef = FE2ED5B02B20405A3BD9B92A /* Pods_SourceListSidebarExampleUITests.framework */; };
		80A4BB0321ECEA9400B1A5E3 /* DataManager.swift in Sources */ = {isa = PBXBuildFile; fileRef = 80A4BB0221ECEA9400B1A5E3 /* DataManager.swift */; };
		80A4BB0521ECEBA300B1A5E3 /* AccountsDataManager.swift in Sources */ = {isa = PBXBuildFile; fileRef = 80A4BB0421ECEBA300B1A5E3 /* AccountsDataManager.swift */; };
		80A4BB0721ECEBC000B1A5E3 /* HostsDataManager.swift in Sources */ = {isa = PBXBuildFile; fileRef = 80A4BB0621ECEBC000B1A5E3 /* HostsDataManager.swift */; };
		80D143D021E90A27007C1662 /* AppDelegate.swift in Sources */ = {isa = PBXBuildFile; fileRef = 80D143CF21E90A27007C1662 /* AppDelegate.swift */; };
		80D143D521E90A27007C1662 /* SourceListSidebarExample.xcdatamodeld in Sources */ = {isa = PBXBuildFile; fileRef = 80D143D321E90A27007C1662 /* SourceListSidebarExample.xcdatamodeld */; };
		80D143D721E90A28007C1662 /* Assets.xcassets in Resources */ = {isa = PBXBuildFile; fileRef = 80D143D621E90A28007C1662 /* Assets.xcassets */; };
		80D143DA21E90A28007C1662 /* Main.storyboard in Resources */ = {isa = PBXBuildFile; fileRef = 80D143D821E90A28007C1662 /* Main.storyboard */; };
		80D143E621E90A29007C1662 /* SourceListSidebarExampleTests.swift in Sources */ = {isa = PBXBuildFile; fileRef = 80D143E521E90A29007C1662 /* SourceListSidebarExampleTests.swift */; };
		80D143F121E90A29007C1662 /* SourceListSidebarExampleUITests.swift in Sources */ = {isa = PBXBuildFile; fileRef = 80D143F021E90A29007C1662 /* SourceListSidebarExampleUITests.swift */; };
		80D143FF21E90AA9007C1662 /* MainWindowController.swift in Sources */ = {isa = PBXBuildFile; fileRef = 80D143FE21E90AA9007C1662 /* MainWindowController.swift */; };
		80D1440121E90AD0007C1662 /* MainSidebarViewController.swift in Sources */ = {isa = PBXBuildFile; fileRef = 80D1440021E90AD0007C1662 /* MainSidebarViewController.swift */; };
		80D1440321E90AFA007C1662 /* MainContentViewController.swift in Sources */ = {isa = PBXBuildFile; fileRef = 80D1440221E90AFA007C1662 /* MainContentViewController.swift */; };
		80D1440721E9182F007C1662 /* AddAccountViewController.swift in Sources */ = {isa = PBXBuildFile; fileRef = 80D1440621E9182F007C1662 /* AddAccountViewController.swift */; };
		80D1440B21E921F3007C1662 /* MainSplitViewController.swift in Sources */ = {isa = PBXBuildFile; fileRef = 80D1440A21E921F3007C1662 /* MainSplitViewController.swift */; };
		80EA3C3021E9775300A79C83 /* README.md in Resources */ = {isa = PBXBuildFile; fileRef = 80EA3C2F21E9775300A79C83 /* README.md */; };
		9C2254C99917AC8F34FB5C59 /* Pods_SourceListSidebarExampleTests.framework in Frameworks */ = {isa = PBXBuildFile; fileRef = A4DEA9B4AE058B98F1B17643 /* Pods_SourceListSidebarExampleTests.framework */; };
		F60D7F2C5EB9C20434BBE595 /* Pods_SourceListSidebarExample.framework in Frameworks */ = {isa = PBXBuildFile; fileRef = A469F196CD4C26C9EB6EB4B0 /* Pods_SourceListSidebarExample.framework */; };
/* End PBXBuildFile section */

/* Begin PBXContainerItemProxy section */
		80D143E221E90A29007C1662 /* PBXContainerItemProxy */ = {
			isa = PBXContainerItemProxy;
			containerPortal = 80D143C421E90A27007C1662 /* Project object */;
			proxyType = 1;
			remoteGlobalIDString = 80D143CB21E90A27007C1662;
			remoteInfo = SourceListSidebarExample;
		};
		80D143ED21E90A29007C1662 /* PBXContainerItemProxy */ = {
			isa = PBXContainerItemProxy;
			containerPortal = 80D143C421E90A27007C1662 /* Project object */;
			proxyType = 1;
			remoteGlobalIDString = 80D143CB21E90A27007C1662;
			remoteInfo = SourceListSidebarExample;
		};
/* End PBXContainerItemProxy section */

/* Begin PBXFileReference section */
		5E5EAEA787EBA14D4F874F50 /* Pods-SourceListSidebarExample.release.xcconfig */ = {isa = PBXFileReference; includeInIndex = 1; lastKnownFileType = text.xcconfig; name = "Pods-SourceListSidebarExample.release.xcconfig"; path = "Pods/Target Support Files/Pods-SourceListSidebarExample/Pods-SourceListSidebarExample.release.xcconfig"; sourceTree = "<group>"; };
		80A4BB0221ECEA9400B1A5E3 /* DataManager.swift */ = {isa = PBXFileReference; lastKnownFileType = sourcecode.swift; path = DataManager.swift; sourceTree = "<group>"; };
		80A4BB0421ECEBA300B1A5E3 /* AccountsDataManager.swift */ = {isa = PBXFileReference; lastKnownFileType = sourcecode.swift; path = AccountsDataManager.swift; sourceTree = "<group>"; };
		80A4BB0621ECEBC000B1A5E3 /* HostsDataManager.swift */ = {isa = PBXFileReference; lastKnownFileType = sourcecode.swift; path = HostsDataManager.swift; sourceTree = "<group>"; };
		80D143CC21E90A27007C1662 /* SourceListSidebarExample.app */ = {isa = PBXFileReference; explicitFileType = wrapper.application; includeInIndex = 0; path = SourceListSidebarExample.app; sourceTree = BUILT_PRODUCTS_DIR; };
		80D143CF21E90A27007C1662 /* AppDelegate.swift */ = {isa = PBXFileReference; lastKnownFileType = sourcecode.swift; path = AppDelegate.swift; sourceTree = "<group>"; };
		80D143D421E90A27007C1662 /* SourceListSidebarExample.xcdatamodel */ = {isa = PBXFileReference; lastKnownFileType = wrapper.xcdatamodel; path = SourceListSidebarExample.xcdatamodel; sourceTree = "<group>"; };
		80D143D621E90A28007C1662 /* Assets.xcassets */ = {isa = PBXFileReference; lastKnownFileType = folder.assetcatalog; path = Assets.xcassets; sourceTree = "<group>"; };
		80D143D921E90A28007C1662 /* Base */ = {isa = PBXFileReference; lastKnownFileType = file.storyboard; name = Base; path = Base.lproj/Main.storyboard; sourceTree = "<group>"; };
		80D143DB21E90A28007C1662 /* Info.plist */ = {isa = PBXFileReference; lastKnownFileType = text.plist.xml; path = Info.plist; sourceTree = "<group>"; };
		80D143DC21E90A28007C1662 /* SourceListSidebarExample.entitlements */ = {isa = PBXFileReference; lastKnownFileType = text.plist.entitlements; path = SourceListSidebarExample.entitlements; sourceTree = "<group>"; };
		80D143E121E90A29007C1662 /* SourceListSidebarExampleTests.xctest */ = {isa = PBXFileReference; explicitFileType = wrapper.cfbundle; includeInIndex = 0; path = SourceListSidebarExampleTests.xctest; sourceTree = BUILT_PRODUCTS_DIR; };
		80D143E521E90A29007C1662 /* SourceListSidebarExampleTests.swift */ = {isa = PBXFileReference; lastKnownFileType = sourcecode.swift; path = SourceListSidebarExampleTests.swift; sourceTree = "<group>"; };
		80D143E721E90A29007C1662 /* Info.plist */ = {isa = PBXFileReference; lastKnownFileType = text.plist.xml; path = Info.plist; sourceTree = "<group>"; };
		80D143EC21E90A29007C1662 /* SourceListSidebarExampleUITests.xctest */ = {isa = PBXFileReference; explicitFileType = wrapper.cfbundle; includeInIndex = 0; path = SourceListSidebarExampleUITests.xctest; sourceTree = BUILT_PRODUCTS_DIR; };
		80D143F021E90A29007C1662 /* SourceListSidebarExampleUITests.swift */ = {isa = PBXFileReference; lastKnownFileType = sourcecode.swift; path = SourceListSidebarExampleUITests.swift; sourceTree = "<group>"; };
		80D143F221E90A29007C1662 /* Info.plist */ = {isa = PBXFileReference; lastKnownFileType = text.plist.xml; path = Info.plist; sourceTree = "<group>"; };
		80D143FE21E90AA9007C1662 /* MainWindowController.swift */ = {isa = PBXFileReference; lastKnownFileType = sourcecode.swift; path = MainWindowController.swift; sourceTree = "<group>"; };
		80D1440021E90AD0007C1662 /* MainSidebarViewController.swift */ = {isa = PBXFileReference; lastKnownFileType = sourcecode.swift; path = MainSidebarViewController.swift; sourceTree = "<group>"; };
		80D1440221E90AFA007C1662 /* MainContentViewController.swift */ = {isa = PBXFileReference; lastKnownFileType = sourcecode.swift; path = MainContentViewController.swift; sourceTree = "<group>"; };
		80D1440621E9182F007C1662 /* AddAccountViewController.swift */ = {isa = PBXFileReference; lastKnownFileType = sourcecode.swift; path = AddAccountViewController.swift; sourceTree = "<group>"; };
		80D1440A21E921F3007C1662 /* MainSplitViewController.swift */ = {isa = PBXFileReference; lastKnownFileType = sourcecode.swift; path = MainSplitViewController.swift; sourceTree = "<group>"; };
		80EA3C2F21E9775300A79C83 /* README.md */ = {isa = PBXFileReference; fileEncoding = 4; lastKnownFileType = net.daringfireball.markdown; path = README.md; sourceTree = "<group>"; };
		8B7816A92C77E0873E35296B /* Pods-SourceListSidebarExampleTests.release.xcconfig */ = {isa = PBXFileReference; includeInIndex = 1; lastKnownFileType = text.xcconfig; name = "Pods-SourceListSidebarExampleTests.release.xcconfig"; path = "Pods/Target Support Files/Pods-SourceListSidebarExampleTests/Pods-SourceListSidebarExampleTests.release.xcconfig"; sourceTree = "<group>"; };
		A469F196CD4C26C9EB6EB4B0 /* Pods_SourceListSidebarExample.framework */ = {isa = PBXFileReference; explicitFileType = wrapper.framework; includeInIndex = 0; path = Pods_SourceListSidebarExample.framework; sourceTree = BUILT_PRODUCTS_DIR; };
		A4DEA9B4AE058B98F1B17643 /* Pods_SourceListSidebarExampleTests.framework */ = {isa = PBXFileReference; explicitFileType = wrapper.framework; includeInIndex = 0; path = Pods_SourceListSidebarExampleTests.framework; sourceTree = BUILT_PRODUCTS_DIR; };
		AC781E3C62F41801E23CADAF /* Pods-SourceListSidebarExample.debug.xcconfig */ = {isa = PBXFileReference; includeInIndex = 1; lastKnownFileType = text.xcconfig; name = "Pods-SourceListSidebarExample.debug.xcconfig"; path = "Pods/Target Support Files/Pods-SourceListSidebarExample/Pods-SourceListSidebarExample.debug.xcconfig"; sourceTree = "<group>"; };
		E26CF31439B3FBE0D928F2AB /* Pods-SourceListSidebarExampleUITests.debug.xcconfig */ = {isa = PBXFileReference; includeInIndex = 1; lastKnownFileType = text.xcconfig; name = "Pods-SourceListSidebarExampleUITests.debug.xcconfig"; path = "Pods/Target Support Files/Pods-SourceListSidebarExampleUITests/Pods-SourceListSidebarExampleUITests.debug.xcconfig"; sourceTree = "<group>"; };
		E2B8AEB0D2E56C1CAE705578 /* Pods-SourceListSidebarExampleUITests.release.xcconfig */ = {isa = PBXFileReference; includeInIndex = 1; lastKnownFileType = text.xcconfig; name = "Pods-SourceListSidebarExampleUITests.release.xcconfig"; path = "Pods/Target Support Files/Pods-SourceListSidebarExampleUITests/Pods-SourceListSidebarExampleUITests.release.xcconfig"; sourceTree = "<group>"; };
		FE2ED5B02B20405A3BD9B92A /* Pods_SourceListSidebarExampleUITests.framework */ = {isa = PBXFileReference; explicitFileType = wrapper.framework; includeInIndex = 0; path = Pods_SourceListSidebarExampleUITests.framework; sourceTree = BUILT_PRODUCTS_DIR; };
		FFB743F157427E7DE8D2338A /* Pods-SourceListSidebarExampleTests.debug.xcconfig */ = {isa = PBXFileReference; includeInIndex = 1; lastKnownFileType = text.xcconfig; name = "Pods-SourceListSidebarExampleTests.debug.xcconfig"; path = "Pods/Target Support Files/Pods-SourceListSidebarExampleTests/Pods-SourceListSidebarExampleTests.debug.xcconfig"; sourceTree = "<group>"; };
/* End PBXFileReference section */

/* Begin PBXFrameworksBuildPhase section */
		80D143C921E90A27007C1662 /* Frameworks */ = {
			isa = PBXFrameworksBuildPhase;
			buildActionMask = 2147483647;
			files = (
				F60D7F2C5EB9C20434BBE595 /* Pods_SourceListSidebarExample.framework in Frameworks */,
			);
			runOnlyForDeploymentPostprocessing = 0;
		};
		80D143DE21E90A29007C1662 /* Frameworks */ = {
			isa = PBXFrameworksBuildPhase;
			buildActionMask = 2147483647;
			files = (
				9C2254C99917AC8F34FB5C59 /* Pods_SourceListSidebarExampleTests.framework in Frameworks */,
			);
			runOnlyForDeploymentPostprocessing = 0;
		};
		80D143E921E90A29007C1662 /* Frameworks */ = {
			isa = PBXFrameworksBuildPhase;
			buildActionMask = 2147483647;
			files = (
				76C425153C28326313EC431C /* Pods_SourceListSidebarExampleUITests.framework in Frameworks */,
			);
			runOnlyForDeploymentPostprocessing = 0;
		};
/* End PBXFrameworksBuildPhase section */

/* Begin PBXGroup section */
		8079597621E9911C0085DFEB /* Extensions */ = {
			isa = PBXGroup;
			children = (
			);
			path = Extensions;
			sourceTree = "<group>";
		};
		80D143C321E90A27007C1662 = {
			isa = PBXGroup;
			children = (
				80D143CE21E90A27007C1662 /* SourceListSidebarExample */,
				80D143E421E90A29007C1662 /* SourceListSidebarExampleTests */,
				80D143EF21E90A29007C1662 /* SourceListSidebarExampleUITests */,
				80D143CD21E90A27007C1662 /* Products */,
				80EA3C2F21E9775300A79C83 /* README.md */,
				97AA4D7EA29DE9E5C1678E5E /* Pods */,
				EF441EC21862A1EE310723B3 /* Frameworks */,
			);
			sourceTree = "<group>";
		};
		80D143CD21E90A27007C1662 /* Products */ = {
			isa = PBXGroup;
			children = (
				80D143CC21E90A27007C1662 /* SourceListSidebarExample.app */,
				80D143E121E90A29007C1662 /* SourceListSidebarExampleTests.xctest */,
				80D143EC21E90A29007C1662 /* SourceListSidebarExampleUITests.xctest */,
			);
			name = Products;
			sourceTree = "<group>";
		};
		80D143CE21E90A27007C1662 /* SourceListSidebarExample */ = {
			isa = PBXGroup;
			children = (
				8079597621E9911C0085DFEB /* Extensions */,
				80D143CF21E90A27007C1662 /* AppDelegate.swift */,
				80D143D621E90A28007C1662 /* Assets.xcassets */,
				80D143D821E90A28007C1662 /* Main.storyboard */,
				80D1441121E93EDB007C1662 /* Main */,
				80D143DB21E90A28007C1662 /* Info.plist */,
				80D143DC21E90A28007C1662 /* SourceListSidebarExample.entitlements */,
				80D143D321E90A27007C1662 /* SourceListSidebarExample.xcdatamodeld */,
				80D1440C21E93A21007C1662 /* CoreData */,
			);
			path = SourceListSidebarExample;
			sourceTree = "<group>";
		};
		80D143E421E90A29007C1662 /* SourceListSidebarExampleTests */ = {
			isa = PBXGroup;
			children = (
				80D143E521E90A29007C1662 /* SourceListSidebarExampleTests.swift */,
				80D143E721E90A29007C1662 /* Info.plist */,
			);
			path = SourceListSidebarExampleTests;
			sourceTree = "<group>";
		};
		80D143EF21E90A29007C1662 /* SourceListSidebarExampleUITests */ = {
			isa = PBXGroup;
			children = (
				80D143F021E90A29007C1662 /* SourceListSidebarExampleUITests.swift */,
				80D143F221E90A29007C1662 /* Info.plist */,
			);
			path = SourceListSidebarExampleUITests;
			sourceTree = "<group>";
		};
		80D1440C21E93A21007C1662 /* CoreData */ = {
			isa = PBXGroup;
			children = (
				80A4BB0221ECEA9400B1A5E3 /* DataManager.swift */,
				80A4BB0421ECEBA300B1A5E3 /* AccountsDataManager.swift */,
				80A4BB0621ECEBC000B1A5E3 /* HostsDataManager.swift */,
			);
			path = CoreData;
			sourceTree = "<group>";
		};
		80D1441121E93EDB007C1662 /* Main */ = {
			isa = PBXGroup;
			children = (
				80D143FE21E90AA9007C1662 /* MainWindowController.swift */,
				80D1440A21E921F3007C1662 /* MainSplitViewController.swift */,
				80D1440021E90AD0007C1662 /* MainSidebarViewController.swift */,
				80D1440221E90AFA007C1662 /* MainContentViewController.swift */,
				80D1440621E9182F007C1662 /* AddAccountViewController.swift */,
			);
			path = Main;
			sourceTree = "<group>";
		};
		97AA4D7EA29DE9E5C1678E5E /* Pods */ = {
			isa = PBXGroup;
			children = (
				AC781E3C62F41801E23CADAF /* Pods-SourceListSidebarExample.debug.xcconfig */,
				5E5EAEA787EBA14D4F874F50 /* Pods-SourceListSidebarExample.release.xcconfig */,
				FFB743F157427E7DE8D2338A /* Pods-SourceListSidebarExampleTests.debug.xcconfig */,
				8B7816A92C77E0873E35296B /* Pods-SourceListSidebarExampleTests.release.xcconfig */,
				E26CF31439B3FBE0D928F2AB /* Pods-SourceListSidebarExampleUITests.debug.xcconfig */,
				E2B8AEB0D2E56C1CAE705578 /* Pods-SourceListSidebarExampleUITests.release.xcconfig */,
			);
			name = Pods;
			sourceTree = "<group>";
		};
		EF441EC21862A1EE310723B3 /* Frameworks */ = {
			isa = PBXGroup;
			children = (
				A469F196CD4C26C9EB6EB4B0 /* Pods_SourceListSidebarExample.framework */,
				A4DEA9B4AE058B98F1B17643 /* Pods_SourceListSidebarExampleTests.framework */,
				FE2ED5B02B20405A3BD9B92A /* Pods_SourceListSidebarExampleUITests.framework */,
			);
			name = Frameworks;
			sourceTree = "<group>";
		};
/* End PBXGroup section */

/* Begin PBXNativeTarget section */
		80D143CB21E90A27007C1662 /* SourceListSidebarExample */ = {
			isa = PBXNativeTarget;
			buildConfigurationList = 80D143F521E90A29007C1662 /* Build configuration list for PBXNativeTarget "SourceListSidebarExample" */;
			buildPhases = (
				A29087E193E7303B2BA23276 /* [CP] Check Pods Manifest.lock */,
				80D143C821E90A27007C1662 /* Sources */,
				80D143C921E90A27007C1662 /* Frameworks */,
				80D143CA21E90A27007C1662 /* Resources */,
				58354C7499A7D6CA0A9C4FAA /* [CP] Embed Pods Frameworks */,
			);
			buildRules = (
			);
			dependencies = (
			);
			name = SourceListSidebarExample;
			productName = SourceListSidebarExample;
			productReference = 80D143CC21E90A27007C1662 /* SourceListSidebarExample.app */;
			productType = "com.apple.product-type.application";
		};
		80D143E021E90A29007C1662 /* SourceListSidebarExampleTests */ = {
			isa = PBXNativeTarget;
			buildConfigurationList = 80D143F821E90A29007C1662 /* Build configuration list for PBXNativeTarget "SourceListSidebarExampleTests" */;
			buildPhases = (
				3F1AA273C978CFA1B5B9A260 /* [CP] Check Pods Manifest.lock */,
				80D143DD21E90A29007C1662 /* Sources */,
				80D143DE21E90A29007C1662 /* Frameworks */,
				80D143DF21E90A29007C1662 /* Resources */,
				752499172C1C3FB8731AAD24 /* [CP] Embed Pods Frameworks */,
			);
			buildRules = (
			);
			dependencies = (
				80D143E321E90A29007C1662 /* PBXTargetDependency */,
			);
			name = SourceListSidebarExampleTests;
			productName = SourceListSidebarExampleTests;
			productReference = 80D143E121E90A29007C1662 /* SourceListSidebarExampleTests.xctest */;
			productType = "com.apple.product-type.bundle.unit-test";
		};
		80D143EB21E90A29007C1662 /* SourceListSidebarExampleUITests */ = {
			isa = PBXNativeTarget;
			buildConfigurationList = 80D143FB21E90A29007C1662 /* Build configuration list for PBXNativeTarget "SourceListSidebarExampleUITests" */;
			buildPhases = (
				C383234118B570715C802B59 /* [CP] Check Pods Manifest.lock */,
				80D143E821E90A29007C1662 /* Sources */,
				80D143E921E90A29007C1662 /* Frameworks */,
				80D143EA21E90A29007C1662 /* Resources */,
				C93683E191795C2D2212E3EA /* [CP] Embed Pods Frameworks */,
			);
			buildRules = (
			);
			dependencies = (
				80D143EE21E90A29007C1662 /* PBXTargetDependency */,
			);
			name = SourceListSidebarExampleUITests;
			productName = SourceListSidebarExampleUITests;
			productReference = 80D143EC21E90A29007C1662 /* SourceListSidebarExampleUITests.xctest */;
			productType = "com.apple.product-type.bundle.ui-testing";
		};
/* End PBXNativeTarget section */

/* Begin PBXProject section */
		80D143C421E90A27007C1662 /* Project object */ = {
			isa = PBXProject;
			attributes = {
				LastSwiftUpdateCheck = 1010;
				LastUpgradeCheck = 1010;
				ORGANIZATIONNAME = "Lukas Wolfsteiner";
				TargetAttributes = {
					80D143CB21E90A27007C1662 = {
						CreatedOnToolsVersion = 10.1;
					};
					80D143E021E90A29007C1662 = {
						CreatedOnToolsVersion = 10.1;
						TestTargetID = 80D143CB21E90A27007C1662;
					};
					80D143EB21E90A29007C1662 = {
						CreatedOnToolsVersion = 10.1;
						TestTargetID = 80D143CB21E90A27007C1662;
					};
				};
			};
			buildConfigurationList = 80D143C721E90A27007C1662 /* Build configuration list for PBXProject "SourceListSidebarExample" */;
			compatibilityVersion = "Xcode 9.3";
			developmentRegion = en;
			hasScannedForEncodings = 0;
			knownRegions = (
				en,
				Base,
			);
			mainGroup = 80D143C321E90A27007C1662;
			productRefGroup = 80D143CD21E90A27007C1662 /* Products */;
			projectDirPath = "";
			projectRoot = "";
			targets = (
				80D143CB21E90A27007C1662 /* SourceListSidebarExample */,
				80D143E021E90A29007C1662 /* SourceListSidebarExampleTests */,
				80D143EB21E90A29007C1662 /* SourceListSidebarExampleUITests */,
			);
		};
/* End PBXProject section */

/* Begin PBXResourcesBuildPhase section */
		80D143CA21E90A27007C1662 /* Resources */ = {
			isa = PBXResourcesBuildPhase;
			buildActionMask = 2147483647;
			files = (
				80EA3C3021E9775300A79C83 /* README.md in Resources */,
				80D143D721E90A28007C1662 /* Assets.xcassets in Resources */,
				80D143DA21E90A28007C1662 /* Main.storyboard in Resources */,
			);
			runOnlyForDeploymentPostprocessing = 0;
		};
		80D143DF21E90A29007C1662 /* Resources */ = {
			isa = PBXResourcesBuildPhase;
			buildActionMask = 2147483647;
			files = (
			);
			runOnlyForDeploymentPostprocessing = 0;
		};
		80D143EA21E90A29007C1662 /* Resources */ = {
			isa = PBXResourcesBuildPhase;
			buildActionMask = 2147483647;
			files = (
			);
			runOnlyForDeploymentPostprocessing = 0;
		};
/* End PBXResourcesBuildPhase section */

/* Begin PBXShellScriptBuildPhase section */
		3F1AA273C978CFA1B5B9A260 /* [CP] Check Pods Manifest.lock */ = {
			isa = PBXShellScriptBuildPhase;
			buildActionMask = 2147483647;
			files = (
			);
			inputFileListPaths = (
			);
			inputPaths = (
				"${PODS_PODFILE_DIR_PATH}/Podfile.lock",
				"${PODS_ROOT}/Manifest.lock",
			);
			name = "[CP] Check Pods Manifest.lock";
			outputFileListPaths = (
			);
			outputPaths = (
				"$(DERIVED_FILE_DIR)/Pods-SourceListSidebarExampleTests-checkManifestLockResult.txt",
			);
			runOnlyForDeploymentPostprocessing = 0;
			shellPath = /bin/sh;
			shellScript = "diff \"${PODS_PODFILE_DIR_PATH}/Podfile.lock\" \"${PODS_ROOT}/Manifest.lock\" > /dev/null\nif [ $? != 0 ] ; then\n    # print error to STDERR\n    echo \"error: The sandbox is not in sync with the Podfile.lock. Run 'pod install' or update your CocoaPods installation.\" >&2\n    exit 1\nfi\n# This output is used by Xcode 'outputs' to avoid re-running this script phase.\necho \"SUCCESS\" > \"${SCRIPT_OUTPUT_FILE_0}\"\n";
			showEnvVarsInLog = 0;
		};
		58354C7499A7D6CA0A9C4FAA /* [CP] Embed Pods Frameworks */ = {
			isa = PBXShellScriptBuildPhase;
			buildActionMask = 2147483647;
			files = (
			);
			inputFileListPaths = (
			);
			inputPaths = (
				"${SRCROOT}/Pods/Target Support Files/Pods-SourceListSidebarExample/Pods-SourceListSidebarExample-frameworks.sh",
				"${BUILT_PRODUCTS_DIR}/RxAtomic/RxAtomic.framework",
				"${BUILT_PRODUCTS_DIR}/RxCocoa/RxCocoa.framework",
				"${BUILT_PRODUCTS_DIR}/RxSwift/RxSwift.framework",
			);
			name = "[CP] Embed Pods Frameworks";
			outputFileListPaths = (
			);
			outputPaths = (
				"${TARGET_BUILD_DIR}/${FRAMEWORKS_FOLDER_PATH}/RxAtomic.framework",
				"${TARGET_BUILD_DIR}/${FRAMEWORKS_FOLDER_PATH}/RxCocoa.framework",
				"${TARGET_BUILD_DIR}/${FRAMEWORKS_FOLDER_PATH}/RxSwift.framework",
			);
			runOnlyForDeploymentPostprocessing = 0;
			shellPath = /bin/sh;
			shellScript = "\"${SRCROOT}/Pods/Target Support Files/Pods-SourceListSidebarExample/Pods-SourceListSidebarExample-frameworks.sh\"\n";
			showEnvVarsInLog = 0;
		};
		752499172C1C3FB8731AAD24 /* [CP] Embed Pods Frameworks */ = {
			isa = PBXShellScriptBuildPhase;
			buildActionMask = 2147483647;
			files = (
			);
			inputFileListPaths = (
			);
			inputPaths = (
				"${SRCROOT}/Pods/Target Support Files/Pods-SourceListSidebarExampleTests/Pods-SourceListSidebarExampleTests-frameworks.sh",
				"${BUILT_PRODUCTS_DIR}/RxAtomic/RxAtomic.framework",
				"${BUILT_PRODUCTS_DIR}/RxSwift/RxSwift.framework",
				"${BUILT_PRODUCTS_DIR}/RxBlocking/RxBlocking.framework",
				"${BUILT_PRODUCTS_DIR}/RxTest/RxTest.framework",
			);
			name = "[CP] Embed Pods Frameworks";
			outputFileListPaths = (
			);
			outputPaths = (
				"${TARGET_BUILD_DIR}/${FRAMEWORKS_FOLDER_PATH}/RxAtomic.framework",
				"${TARGET_BUILD_DIR}/${FRAMEWORKS_FOLDER_PATH}/RxSwift.framework",
				"${TARGET_BUILD_DIR}/${FRAMEWORKS_FOLDER_PATH}/RxBlocking.framework",
				"${TARGET_BUILD_DIR}/${FRAMEWORKS_FOLDER_PATH}/RxTest.framework",
			);
			runOnlyForDeploymentPostprocessing = 0;
			shellPath = /bin/sh;
			shellScript = "\"${SRCROOT}/Pods/Target Support Files/Pods-SourceListSidebarExampleTests/Pods-SourceListSidebarExampleTests-frameworks.sh\"\n";
			showEnvVarsInLog = 0;
		};
		A29087E193E7303B2BA23276 /* [CP] Check Pods Manifest.lock */ = {
			isa = PBXShellScriptBuildPhase;
			buildActionMask = 2147483647;
			files = (
			);
			inputFileListPaths = (
			);
			inputPaths = (
				"${PODS_PODFILE_DIR_PATH}/Podfile.lock",
				"${PODS_ROOT}/Manifest.lock",
			);
			name = "[CP] Check Pods Manifest.lock";
			outputFileListPaths = (
			);
			outputPaths = (
				"$(DERIVED_FILE_DIR)/Pods-SourceListSidebarExample-checkManifestLockResult.txt",
			);
			runOnlyForDeploymentPostprocessing = 0;
			shellPath = /bin/sh;
			shellScript = "diff \"${PODS_PODFILE_DIR_PATH}/Podfile.lock\" \"${PODS_ROOT}/Manifest.lock\" > /dev/null\nif [ $? != 0 ] ; then\n    # print error to STDERR\n    echo \"error: The sandbox is not in sync with the Podfile.lock. Run 'pod install' or update your CocoaPods installation.\" >&2\n    exit 1\nfi\n# This output is used by Xcode 'outputs' to avoid re-running this script phase.\necho \"SUCCESS\" > \"${SCRIPT_OUTPUT_FILE_0}\"\n";
			showEnvVarsInLog = 0;
		};
		C383234118B570715C802B59 /* [CP] Check Pods Manifest.lock */ = {
			isa = PBXShellScriptBuildPhase;
			buildActionMask = 2147483647;
			files = (
			);
			inputFileListPaths = (
			);
			inputPaths = (
				"${PODS_PODFILE_DIR_PATH}/Podfile.lock",
				"${PODS_ROOT}/Manifest.lock",
			);
			name = "[CP] Check Pods Manifest.lock";
			outputFileListPaths = (
			);
			outputPaths = (
				"$(DERIVED_FILE_DIR)/Pods-SourceListSidebarExampleUITests-checkManifestLockResult.txt",
			);
			runOnlyForDeploymentPostprocessing = 0;
			shellPath = /bin/sh;
			shellScript = "diff \"${PODS_PODFILE_DIR_PATH}/Podfile.lock\" \"${PODS_ROOT}/Manifest.lock\" > /dev/null\nif [ $? != 0 ] ; then\n    # print error to STDERR\n    echo \"error: The sandbox is not in sync with the Podfile.lock. Run 'pod install' or update your CocoaPods installation.\" >&2\n    exit 1\nfi\n# This output is used by Xcode 'outputs' to avoid re-running this script phase.\necho \"SUCCESS\" > \"${SCRIPT_OUTPUT_FILE_0}\"\n";
			showEnvVarsInLog = 0;
		};
		C93683E191795C2D2212E3EA /* [CP] Embed Pods Frameworks */ = {
			isa = PBXShellScriptBuildPhase;
			buildActionMask = 2147483647;
			files = (
			);
			inputFileListPaths = (
			);
			inputPaths = (
				"${SRCROOT}/Pods/Target Support Files/Pods-SourceListSidebarExampleUITests/Pods-SourceListSidebarExampleUITests-frameworks.sh",
				"${BUILT_PRODUCTS_DIR}/RxAtomic/RxAtomic.framework",
				"${BUILT_PRODUCTS_DIR}/RxSwift/RxSwift.framework",
				"${BUILT_PRODUCTS_DIR}/RxBlocking/RxBlocking.framework",
				"${BUILT_PRODUCTS_DIR}/RxTest/RxTest.framework",
			);
			name = "[CP] Embed Pods Frameworks";
			outputFileListPaths = (
			);
			outputPaths = (
				"${TARGET_BUILD_DIR}/${FRAMEWORKS_FOLDER_PATH}/RxAtomic.framework",
				"${TARGET_BUILD_DIR}/${FRAMEWORKS_FOLDER_PATH}/RxSwift.framework",
				"${TARGET_BUILD_DIR}/${FRAMEWORKS_FOLDER_PATH}/RxBlocking.framework",
				"${TARGET_BUILD_DIR}/${FRAMEWORKS_FOLDER_PATH}/RxTest.framework",
			);
			runOnlyForDeploymentPostprocessing = 0;
			shellPath = /bin/sh;
			shellScript = "\"${SRCROOT}/Pods/Target Support Files/Pods-SourceListSidebarExampleUITests/Pods-SourceListSidebarExampleUITests-frameworks.sh\"\n";
			showEnvVarsInLog = 0;
		};
/* End PBXShellScriptBuildPhase section */

/* Begin PBXSourcesBuildPhase section */
		80D143C821E90A27007C1662 /* Sources */ = {
			isa = PBXSourcesBuildPhase;
			buildActionMask = 2147483647;
			files = (
				80D1440321E90AFA007C1662 /* MainContentViewController.swift in Sources */,
				80D143D521E90A27007C1662 /* SourceListSidebarExample.xcdatamodeld in Sources */,
				80A4BB0721ECEBC000B1A5E3 /* HostsDataManager.swift in Sources */,
				80D143FF21E90AA9007C1662 /* MainWindowController.swift in Sources */,
				80A4BB0521ECEBA300B1A5E3 /* AccountsDataManager.swift in Sources */,
				80D1440121E90AD0007C1662 /* MainSidebarViewController.swift in Sources */,
				80D1440B21E921F3007C1662 /* MainSplitViewController.swift in Sources */,
				80D143D021E90A27007C1662 /* AppDelegate.swift in Sources */,
				80A4BB0321ECEA9400B1A5E3 /* DataManager.swift in Sources */,
				80D1440721E9182F007C1662 /* AddAccountViewController.swift in Sources */,
			);
			runOnlyForDeploymentPostprocessing = 0;
		};
		80D143DD21E90A29007C1662 /* Sources */ = {
			isa = PBXSourcesBuildPhase;
			buildActionMask = 2147483647;
			files = (
				80D143E621E90A29007C1662 /* SourceListSidebarExampleTests.swift in Sources */,
			);
			runOnlyForDeploymentPostprocessing = 0;
		};
		80D143E821E90A29007C1662 /* Sources */ = {
			isa = PBXSourcesBuildPhase;
			buildActionMask = 2147483647;
			files = (
				80D143F121E90A29007C1662 /* SourceListSidebarExampleUITests.swift in Sources */,
			);
			runOnlyForDeploymentPostprocessing = 0;
		};
/* End PBXSourcesBuildPhase section */

/* Begin PBXTargetDependency section */
		80D143E321E90A29007C1662 /* PBXTargetDependency */ = {
			isa = PBXTargetDependency;
			target = 80D143CB21E90A27007C1662 /* SourceListSidebarExample */;
			targetProxy = 80D143E221E90A29007C1662 /* PBXContainerItemProxy */;
		};
		80D143EE21E90A29007C1662 /* PBXTargetDependency */ = {
			isa = PBXTargetDependency;
			target = 80D143CB21E90A27007C1662 /* SourceListSidebarExample */;
			targetProxy = 80D143ED21E90A29007C1662 /* PBXContainerItemProxy */;
		};
/* End PBXTargetDependency section */

/* Begin PBXVariantGroup section */
		80D143D821E90A28007C1662 /* Main.storyboard */ = {
			isa = PBXVariantGroup;
			children = (
				80D143D921E90A28007C1662 /* Base */,
			);
			name = Main.storyboard;
			sourceTree = "<group>";
		};
/* End PBXVariantGroup section */

/* Begin XCBuildConfiguration section */
		80D143F321E90A29007C1662 /* Debug */ = {
			isa = XCBuildConfiguration;
			buildSettings = {
				ALWAYS_SEARCH_USER_PATHS = NO;
				CLANG_ANALYZER_NONNULL = YES;
				CLANG_ANALYZER_NUMBER_OBJECT_CONVERSION = YES_AGGRESSIVE;
				CLANG_CXX_LANGUAGE_STANDARD = "gnu++14";
				CLANG_CXX_LIBRARY = "libc++";
				CLANG_ENABLE_MODULES = YES;
				CLANG_ENABLE_OBJC_ARC = YES;
				CLANG_ENABLE_OBJC_WEAK = YES;
				CLANG_WARN_BLOCK_CAPTURE_AUTORELEASING = YES;
				CLANG_WARN_BOOL_CONVERSION = YES;
				CLANG_WARN_COMMA = YES;
				CLANG_WARN_CONSTANT_CONVERSION = YES;
				CLANG_WARN_DEPRECATED_OBJC_IMPLEMENTATIONS = YES;
				CLANG_WARN_DIRECT_OBJC_ISA_USAGE = YES_ERROR;
				CLANG_WARN_DOCUMENTATION_COMMENTS = YES;
				CLANG_WARN_EMPTY_BODY = YES;
				CLANG_WARN_ENUM_CONVERSION = YES;
				CLANG_WARN_INFINITE_RECURSION = YES;
				CLANG_WARN_INT_CONVERSION = YES;
				CLANG_WARN_NON_LITERAL_NULL_CONVERSION = YES;
				CLANG_WARN_OBJC_IMPLICIT_RETAIN_SELF = YES;
				CLANG_WARN_OBJC_LITERAL_CONVERSION = YES;
				CLANG_WARN_OBJC_ROOT_CLASS = YES_ERROR;
				CLANG_WARN_RANGE_LOOP_ANALYSIS = YES;
				CLANG_WARN_STRICT_PROTOTYPES = YES;
				CLANG_WARN_SUSPICIOUS_MOVE = YES;
				CLANG_WARN_UNGUARDED_AVAILABILITY = YES_AGGRESSIVE;
				CLANG_WARN_UNREACHABLE_CODE = YES;
				CLANG_WARN__DUPLICATE_METHOD_MATCH = YES;
				CODE_SIGN_IDENTITY = "Mac Developer";
				COPY_PHASE_STRIP = NO;
				DEBUG_INFORMATION_FORMAT = dwarf;
				ENABLE_STRICT_OBJC_MSGSEND = YES;
				ENABLE_TESTABILITY = YES;
				GCC_C_LANGUAGE_STANDARD = gnu11;
				GCC_DYNAMIC_NO_PIC = NO;
				GCC_NO_COMMON_BLOCKS = YES;
				GCC_OPTIMIZATION_LEVEL = 0;
				GCC_PREPROCESSOR_DEFINITIONS = (
					"DEBUG=1",
					"$(inherited)",
				);
				GCC_WARN_64_TO_32_BIT_CONVERSION = YES;
				GCC_WARN_ABOUT_RETURN_TYPE = YES_ERROR;
				GCC_WARN_UNDECLARED_SELECTOR = YES;
				GCC_WARN_UNINITIALIZED_AUTOS = YES_AGGRESSIVE;
				GCC_WARN_UNUSED_FUNCTION = YES;
				GCC_WARN_UNUSED_VARIABLE = YES;
				MACOSX_DEPLOYMENT_TARGET = 10.14;
				MTL_ENABLE_DEBUG_INFO = INCLUDE_SOURCE;
				MTL_FAST_MATH = YES;
				ONLY_ACTIVE_ARCH = YES;
				SDKROOT = macosx;
				SWIFT_ACTIVE_COMPILATION_CONDITIONS = DEBUG;
				SWIFT_OPTIMIZATION_LEVEL = "-Onone";
			};
			name = Debug;
		};
		80D143F421E90A29007C1662 /* Release */ = {
			isa = XCBuildConfiguration;
			buildSettings = {
				ALWAYS_SEARCH_USER_PATHS = NO;
				CLANG_ANALYZER_NONNULL = YES;
				CLANG_ANALYZER_NUMBER_OBJECT_CONVERSION = YES_AGGRESSIVE;
				CLANG_CXX_LANGUAGE_STANDARD = "gnu++14";
				CLANG_CXX_LIBRARY = "libc++";
				CLANG_ENABLE_MODULES = YES;
				CLANG_ENABLE_OBJC_ARC = YES;
				CLANG_ENABLE_OBJC_WEAK = YES;
				CLANG_WARN_BLOCK_CAPTURE_AUTORELEASING = YES;
				CLANG_WARN_BOOL_CONVERSION = YES;
				CLANG_WARN_COMMA = YES;
				CLANG_WARN_CONSTANT_CONVERSION = YES;
				CLANG_WARN_DEPRECATED_OBJC_IMPLEMENTATIONS = YES;
				CLANG_WARN_DIRECT_OBJC_ISA_USAGE = YES_ERROR;
				CLANG_WARN_DOCUMENTATION_COMMENTS = YES;
				CLANG_WARN_EMPTY_BODY = YES;
				CLANG_WARN_ENUM_CONVERSION = YES;
				CLANG_WARN_INFINITE_RECURSION = YES;
				CLANG_WARN_INT_CONVERSION = YES;
				CLANG_WARN_NON_LITERAL_NULL_CONVERSION = YES;
				CLANG_WARN_OBJC_IMPLICIT_RETAIN_SELF = YES;
				CLANG_WARN_OBJC_LITERAL_CONVERSION = YES;
				CLANG_WARN_OBJC_ROOT_CLASS = YES_ERROR;
				CLANG_WARN_RANGE_LOOP_ANALYSIS = YES;
				CLANG_WARN_STRICT_PROTOTYPES = YES;
				CLANG_WARN_SUSPICIOUS_MOVE = YES;
				CLANG_WARN_UNGUARDED_AVAILABILITY = YES_AGGRESSIVE;
				CLANG_WARN_UNREACHABLE_CODE = YES;
				CLANG_WARN__DUPLICATE_METHOD_MATCH = YES;
				CODE_SIGN_IDENTITY = "Mac Developer";
				COPY_PHASE_STRIP = NO;
				DEBUG_INFORMATION_FORMAT = "dwarf-with-dsym";
				ENABLE_NS_ASSERTIONS = NO;
				ENABLE_STRICT_OBJC_MSGSEND = YES;
				GCC_C_LANGUAGE_STANDARD = gnu11;
				GCC_NO_COMMON_BLOCKS = YES;
				GCC_WARN_64_TO_32_BIT_CONVERSION = YES;
				GCC_WARN_ABOUT_RETURN_TYPE = YES_ERROR;
				GCC_WARN_UNDECLARED_SELECTOR = YES;
				GCC_WARN_UNINITIALIZED_AUTOS = YES_AGGRESSIVE;
				GCC_WARN_UNUSED_FUNCTION = YES;
				GCC_WARN_UNUSED_VARIABLE = YES;
				MACOSX_DEPLOYMENT_TARGET = 10.14;
				MTL_ENABLE_DEBUG_INFO = NO;
				MTL_FAST_MATH = YES;
				SDKROOT = macosx;
				SWIFT_COMPILATION_MODE = wholemodule;
				SWIFT_OPTIMIZATION_LEVEL = "-O";
			};
			name = Release;
		};
		80D143F621E90A29007C1662 /* Debug */ = {
			isa = XCBuildConfiguration;
			baseConfigurationReference = AC781E3C62F41801E23CADAF /* Pods-SourceListSidebarExample.debug.xcconfig */;
			buildSettings = {
				ASSETCATALOG_COMPILER_APPICON_NAME = AppIcon;
				CODE_SIGN_ENTITLEMENTS = SourceListSidebarExample/SourceListSidebarExample.entitlements;
				CODE_SIGN_IDENTITY = "Mac Developer";
				CODE_SIGN_STYLE = Automatic;
				COMBINE_HIDPI_IMAGES = YES;
				DEVELOPMENT_TEAM = 4EGEDRDDUV;
				INFOPLIST_FILE = SourceListSidebarExample/Info.plist;
				LD_RUNPATH_SEARCH_PATHS = (
					"$(inherited)",
					"@executable_path/../Frameworks",
				);
				PRODUCT_BUNDLE_IDENTIFIER = media.wolfsteiner.SourceListSidebarExample;
				PRODUCT_NAME = "$(TARGET_NAME)";
				PROVISIONING_PROFILE_SPECIFIER = "";
				SWIFT_VERSION = 4.2;
			};
			name = Debug;
		};
		80D143F721E90A29007C1662 /* Release */ = {
			isa = XCBuildConfiguration;
			baseConfigurationReference = 5E5EAEA787EBA14D4F874F50 /* Pods-SourceListSidebarExample.release.xcconfig */;
			buildSettings = {
				ASSETCATALOG_COMPILER_APPICON_NAME = AppIcon;
				CODE_SIGN_ENTITLEMENTS = SourceListSidebarExample/SourceListSidebarExample.entitlements;
				CODE_SIGN_IDENTITY = "Mac Developer";
				CODE_SIGN_STYLE = Automatic;
				COMBINE_HIDPI_IMAGES = YES;
				DEVELOPMENT_TEAM = 4EGEDRDDUV;
				INFOPLIST_FILE = SourceListSidebarExample/Info.plist;
				LD_RUNPATH_SEARCH_PATHS = (
					"$(inherited)",
					"@executable_path/../Frameworks",
				);
				PRODUCT_BUNDLE_IDENTIFIER = media.wolfsteiner.SourceListSidebarExample;
				PRODUCT_NAME = "$(TARGET_NAME)";
				PROVISIONING_PROFILE_SPECIFIER = "";
				SWIFT_VERSION = 4.2;
			};
			name = Release;
		};
		80D143F921E90A29007C1662 /* Debug */ = {
			isa = XCBuildConfiguration;
			baseConfigurationReference = FFB743F157427E7DE8D2338A /* Pods-SourceListSidebarExampleTests.debug.xcconfig */;
			buildSettings = {
				BUNDLE_LOADER = "$(TEST_HOST)";
				CODE_SIGN_STYLE = Automatic;
				COMBINE_HIDPI_IMAGES = YES;
				DEVELOPMENT_TEAM = 4EGEDRDDUV;
				INFOPLIST_FILE = SourceListSidebarExampleTests/Info.plist;
				LD_RUNPATH_SEARCH_PATHS = (
					"$(inherited)",
					"@executable_path/../Frameworks",
					"@loader_path/../Frameworks",
				);
				PRODUCT_BUNDLE_IDENTIFIER = media.wolfsteiner.SourceListSidebarExampleTests;
				PRODUCT_NAME = "$(TARGET_NAME)";
				SWIFT_VERSION = 4.2;
				TEST_HOST = "$(BUILT_PRODUCTS_DIR)/SourceListSidebarExample.app/Contents/MacOS/SourceListSidebarExample";
			};
			name = Debug;
		};
		80D143FA21E90A29007C1662 /* Release */ = {
			isa = XCBuildConfiguration;
			baseConfigurationReference = 8B7816A92C77E0873E35296B /* Pods-SourceListSidebarExampleTests.release.xcconfig */;
			buildSettings = {
				BUNDLE_LOADER = "$(TEST_HOST)";
				CODE_SIGN_STYLE = Automatic;
				COMBINE_HIDPI_IMAGES = YES;
				DEVELOPMENT_TEAM = 4EGEDRDDUV;
				INFOPLIST_FILE = SourceListSidebarExampleTests/Info.plist;
				LD_RUNPATH_SEARCH_PATHS = (
					"$(inherited)",
					"@executable_path/../Frameworks",
					"@loader_path/../Frameworks",
				);
				PRODUCT_BUNDLE_IDENTIFIER = media.wolfsteiner.SourceListSidebarExampleTests;
				PRODUCT_NAME = "$(TARGET_NAME)";
				SWIFT_VERSION = 4.2;
				TEST_HOST = "$(BUILT_PRODUCTS_DIR)/SourceListSidebarExample.app/Contents/MacOS/SourceListSidebarExample";
			};
			name = Release;
		};
		80D143FC21E90A29007C1662 /* Debug */ = {
			isa = XCBuildConfiguration;
			baseConfigurationReference = E26CF31439B3FBE0D928F2AB /* Pods-SourceListSidebarExampleUITests.debug.xcconfig */;
			buildSettings = {
				CODE_SIGN_STYLE = Automatic;
				COMBINE_HIDPI_IMAGES = YES;
				DEVELOPMENT_TEAM = 4EGEDRDDUV;
				INFOPLIST_FILE = SourceListSidebarExampleUITests/Info.plist;
				LD_RUNPATH_SEARCH_PATHS = (
					"$(inherited)",
					"@executable_path/../Frameworks",
					"@loader_path/../Frameworks",
				);
				PRODUCT_BUNDLE_IDENTIFIER = media.wolfsteiner.SourceListSidebarExampleUITests;
				PRODUCT_NAME = "$(TARGET_NAME)";
				SWIFT_VERSION = 4.2;
				TEST_TARGET_NAME = SourceListSidebarExample;
			};
			name = Debug;
		};
		80D143FD21E90A29007C1662 /* Release */ = {
			isa = XCBuildConfiguration;
			baseConfigurationReference = E2B8AEB0D2E56C1CAE705578 /* Pods-SourceListSidebarExampleUITests.release.xcconfig */;
			buildSettings = {
				CODE_SIGN_STYLE = Automatic;
				COMBINE_HIDPI_IMAGES = YES;
				DEVELOPMENT_TEAM = 4EGEDRDDUV;
				INFOPLIST_FILE = SourceListSidebarExampleUITests/Info.plist;
				LD_RUNPATH_SEARCH_PATHS = (
					"$(inherited)",
					"@executable_path/../Frameworks",
					"@loader_path/../Frameworks",
				);
				PRODUCT_BUNDLE_IDENTIFIER = media.wolfsteiner.SourceListSidebarExampleUITests;
				PRODUCT_NAME = "$(TARGET_NAME)";
				SWIFT_VERSION = 4.2;
				TEST_TARGET_NAME = SourceListSidebarExample;
			};
			name = Release;
		};
/* End XCBuildConfiguration section */

/* Begin XCConfigurationList section */
		80D143C721E90A27007C1662 /* Build configuration list for PBXProject "SourceListSidebarExample" */ = {
			isa = XCConfigurationList;
			buildConfigurations = (
				80D143F321E90A29007C1662 /* Debug */,
				80D143F421E90A29007C1662 /* Release */,
			);
			defaultConfigurationIsVisible = 0;
			defaultConfigurationName = Release;
		};
		80D143F521E90A29007C1662 /* Build configuration list for PBXNativeTarget "SourceListSidebarExample" */ = {
			isa = XCConfigurationList;
			buildConfigurations = (
				80D143F621E90A29007C1662 /* Debug */,
				80D143F721E90A29007C1662 /* Release */,
			);
			defaultConfigurationIsVisible = 0;
			defaultConfigurationName = Release;
		};
		80D143F821E90A29007C1662 /* Build configuration list for PBXNativeTarget "SourceListSidebarExampleTests" */ = {
			isa = XCConfigurationList;
			buildConfigurations = (
				80D143F921E90A29007C1662 /* Debug */,
				80D143FA21E90A29007C1662 /* Release */,
			);
			defaultConfigurationIsVisible = 0;
			defaultConfigurationName = Release;
		};
		80D143FB21E90A29007C1662 /* Build configuration list for PBXNativeTarget "SourceListSidebarExampleUITests" */ = {
			isa = XCConfigurationList;
			buildConfigurations = (
				80D143FC21E90A29007C1662 /* Debug */,
				80D143FD21E90A29007C1662 /* Release */,
			);
			defaultConfigurationIsVisible = 0;
			defaultConfigurationName = Release;
		};
/* End XCConfigurationList section */

/* Begin XCVersionGroup section */
		80D143D321E90A27007C1662 /* SourceListSidebarExample.xcdatamodeld */ = {
			isa = XCVersionGroup;
			children = (
				80D143D421E90A27007C1662 /* SourceListSidebarExample.xcdatamodel */,
			);
			currentVersion = 80D143D421E90A27007C1662 /* SourceListSidebarExample.xcdatamodel */;
			path = SourceListSidebarExample.xcdatamodeld;
			sourceTree = "<group>";
			versionGroupType = wrapper.xcdatamodel;
		};
/* End XCVersionGroup section */
	};
	rootObject = 80D143C421E90A27007C1662 /* Project object */;
}
